
Microsoft Visual Studio Solution File, Format Version 12.00
# Visual Studio 2013
VisualStudioVersion = 12.0.40629.0
MinimumVisualStudioVersion = 10.0.40219.1
Project("{FAE04EC0-301F-11D3-BF4B-00C04F79EFBC}") = "IdentityExample", "IdentityExample\IdentityExample.csproj", "{B610A459-8617-4E29-9F43-A69ABF726496}"
EndProject
Global
	GlobalSection(SolutionConfigurationPlatforms) = preSolution
		Debug|Any CPU = Debug|Any CPU
		Release|Any CPU = Release|Any CPU
	EndGlobalSection
	GlobalSection(ProjectConfigurationPlatforms) = postSolution
		{B610A459-8617-4E29-9F43-A69ABF726496}.Debug|Any CPU.ActiveCfg = Debug|Any CPU
		{B610A459-8617-4E29-9F43-A69ABF726496}.Debug|Any CPU.Build.0 = Debug|Any CPU
		{B610A459-8617-4E29-9F43-A69ABF726496}.Release|Any CPU.ActiveCfg = Release|Any CPU
		{B610A459-8617-4E29-9F43-A69ABF726496}.Release|Any CPU.Build.0 = Release|Any CPU
	EndGlobalSection
	GlobalSection(SolutionProperties) = preSolution
		HideSolutionNode = FALSE
	EndGlobalSection
EndGlobal
